// !$*UTF8*$!
{
	archiveVersion = 1;
	classes = {
	};
	objectVersion = 46;
	objects = {

/* Begin PBXBuildFile section */
		364D7FA519EF6BED0032C5F3 /* Foundation.framework in Frameworks */ = {isa = PBXBuildFile; fileRef = 364D7FA419EF6BED0032C5F3 /* Foundation.framework */; };
		364D7FA719EF6BED0032C5F3 /* CoreGraphics.framework in Frameworks */ = {isa = PBXBuildFile; fileRef = 364D7FA619EF6BED0032C5F3 /* CoreGraphics.framework */; };
		364D7FA919EF6BED0032C5F3 /* UIKit.framework in Frameworks */ = {isa = PBXBuildFile; fileRef = 364D7FA819EF6BED0032C5F3 /* UIKit.framework */; };
		364D7FAF19EF6BED0032C5F3 /* InfoPlist.strings in Resources */ = {isa = PBXBuildFile; fileRef = 364D7FAD19EF6BED0032C5F3 /* InfoPlist.strings */; };
		364D7FB119EF6BED0032C5F3 /* main.m in Sources */ = {isa = PBXBuildFile; fileRef = 364D7FB019EF6BED0032C5F3 /* main.m */; };
		364D7FB519EF6BED0032C5F3 /* AppDelegate.m in Sources */ = {isa = PBXBuildFile; fileRef = 364D7FB419EF6BED0032C5F3 /* AppDelegate.m */; };
		364D7FB819EF6BED0032C5F3 /* Main_iPhone.storyboard in Resources */ = {isa = PBXBuildFile; fileRef = 364D7FB619EF6BED0032C5F3 /* Main_iPhone.storyboard */; };
		364D7FBB19EF6BED0032C5F3 /* Main_iPad.storyboard in Resources */ = {isa = PBXBuildFile; fileRef = 364D7FB919EF6BED0032C5F3 /* Main_iPad.storyboard */; };
		364D7FBE19EF6BED0032C5F3 /* ViewController.m in Sources */ = {isa = PBXBuildFile; fileRef = 364D7FBD19EF6BED0032C5F3 /* ViewController.m */; };
		364D7FC019EF6BED0032C5F3 /* Images.xcassets in Resources */ = {isa = PBXBuildFile; fileRef = 364D7FBF19EF6BED0032C5F3 /* Images.xcassets */; };
		364D7FC719EF6BED0032C5F3 /* XCTest.framework in Frameworks */ = {isa = PBXBuildFile; fileRef = 364D7FC619EF6BED0032C5F3 /* XCTest.framework */; };
		364D7FC819EF6BED0032C5F3 /* Foundation.framework in Frameworks */ = {isa = PBXBuildFile; fileRef = 364D7FA419EF6BED0032C5F3 /* Foundation.framework */; };
		364D7FC919EF6BED0032C5F3 /* UIKit.framework in Frameworks */ = {isa = PBXBuildFile; fileRef = 364D7FA819EF6BED0032C5F3 /* UIKit.framework */; };
		364D7FD119EF6BED0032C5F3 /* InfoPlist.strings in Resources */ = {isa = PBXBuildFile; fileRef = 364D7FCF19EF6BED0032C5F3 /* InfoPlist.strings */; };
		364D7FD319EF6BED0032C5F3 /* FirstAppforiPhoneTests.m in Sources */ = {isa = PBXBuildFile; fileRef = 364D7FD219EF6BED0032C5F3 /* FirstAppforiPhoneTests.m */; };
/* End PBXBuildFile section */

/* Begin PBXContainerItemProxy section */
		364D7FCA19EF6BED0032C5F3 /* PBXContainerItemProxy */ = {
			isa = PBXContainerItemProxy;
			containerPortal = 364D7F9919EF6BED0032C5F3 /* Project object */;
			proxyType = 1;
			remoteGlobalIDString = 364D7FA019EF6BED0032C5F3;
			remoteInfo = FirstAppforiPhone;
		};
/* End PBXContainerItemProxy section */

/* Begin PBXFileReference section */
		364D7FA119EF6BED0032C5F3 /* FirstAppforiPhone.app */ = {isa = PBXFileReference; explicitFileType = wrapper.application; includeInIndex = 0; path = FirstAppforiPhone.app; sourceTree = BUILT_PRODUCTS_DIR; };
		364D7FA419EF6BED0032C5F3 /* Foundation.framework */ = {isa = PBXFileReference; lastKnownFileType = wrapper.framework; name = Foundation.framework; path = System/Library/Frameworks/Foundation.framework; sourceTree = SDKROOT; };
		364D7FA619EF6BED0032C5F3 /* CoreGraphics.framework */ = {isa = PBXFileReference; lastKnownFileType = wrapper.framework; name = CoreGraphics.framework; path = System/Library/Frameworks/CoreGraphics.framework; sourceTree = SDKROOT; };
		364D7FA819EF6BED0032C5F3 /* UIKit.framework */ = {isa = PBXFileReference; lastKnownFileType = wrapper.framework; name = UIKit.framework; path = System/Library/Frameworks/UIKit.framework; sourceTree = SDKROOT; };
		364D7FAC19EF6BED0032C5F3 /* FirstAppforiPhone-Info.plist */ = {isa = PBXFileReference; lastKnownFileType = text.plist.xml; path = "FirstAppforiPhone-Info.plist"; sourceTree = "<group>"; };
		364D7FAE19EF6BED0032C5F3 /* en */ = {isa = PBXFileReference; lastKnownFileType = text.plist.strings; name = en; path = en.lproj/InfoPlist.strings; sourceTree = "<group>"; };
		364D7FB019EF6BED0032C5F3 /* main.m */ = {isa = PBXFileReference; lastKnownFileType = sourcecode.c.objc; path = main.m; sourceTree = "<group>"; };
		364D7FB219EF6BED0032C5F3 /* FirstAppforiPhone-Prefix.pch */ = {isa = PBXFileReference; lastKnownFileType = sourcecode.c.h; path = "FirstAppforiPhone-Prefix.pch"; sourceTree = "<group>"; };
		364D7FB319EF6BED0032C5F3 /* AppDelegate.h */ = {isa = PBXFileReference; lastKnownFileType = sourcecode.c.h; path = AppDelegate.h; sourceTree = "<group>"; };
		364D7FB419EF6BED0032C5F3 /* AppDelegate.m */ = {isa = PBXFileReference; lastKnownFileType = sourcecode.c.objc; path = AppDelegate.m; sourceTree = "<group>"; };
		364D7FB719EF6BED0032C5F3 /* Base */ = {isa = PBXFileReference; lastKnownFileType = file.storyboard; name = Base; path = Base.lproj/Main_iPhone.storyboard; sourceTree = "<group>"; };
		364D7FBA19EF6BED0032C5F3 /* Base */ = {isa = PBXFileReference; lastKnownFileType = file.storyboard; name = Base; path = Base.lproj/Main_iPad.storyboard; sourceTree = "<group>"; };
		364D7FBC19EF6BED0032C5F3 /* ViewController.h */ = {isa = PBXFileReference; lastKnownFileType = sourcecode.c.h; path = ViewController.h; sourceTree = "<group>"; };
		364D7FBD19EF6BED0032C5F3 /* ViewController.m */ = {isa = PBXFileReference; lastKnownFileType = sourcecode.c.objc; path = ViewController.m; sourceTree = "<group>"; };
		364D7FBF19EF6BED0032C5F3 /* Images.xcassets */ = {isa = PBXFileReference; lastKnownFileType = folder.assetcatalog; path = Images.xcassets; sourceTree = "<group>"; };
		364D7FC519EF6BED0032C5F3 /* FirstAppforiPhoneTests.xctest */ = {isa = PBXFileReference; explicitFileType = wrapper.cfbundle; includeInIndex = 0; path = FirstAppforiPhoneTests.xctest; sourceTree = BUILT_PRODUCTS_DIR; };
		364D7FC619EF6BED0032C5F3 /* XCTest.framework */ = {isa = PBXFileReference; lastKnownFileType = wrapper.framework; name = XCTest.framework; path = Library/Frameworks/XCTest.framework; sourceTree = DEVELOPER_DIR; };
		364D7FCE19EF6BED0032C5F3 /* FirstAppforiPhoneTests-Info.plist */ = {isa = PBXFileReference; lastKnownFileType = text.plist.xml; path = "FirstAppforiPhoneTests-Info.plist"; sourceTree = "<group>"; };
		364D7FD019EF6BED0032C5F3 /* en */ = {isa = PBXFileReference; lastKnownFileType = text.plist.strings; name = en; path = en.lproj/InfoPlist.strings; sourceTree = "<group>"; };
		364D7FD219EF6BED0032C5F3 /* FirstAppforiPhoneTests.m */ = {isa = PBXFileReference; lastKnownFileType = sourcecode.c.objc; path = FirstAppforiPhoneTests.m; sourceTree = "<group>"; };
/* End PBXFileReference section */

/* Begin PBXFrameworksBuildPhase section */
		364D7F9E19EF6BED0032C5F3 /* Frameworks */ = {
			isa = PBXFrameworksBuildPhase;
			buildActionMask = 2147483647;
			files = (
				364D7FA719EF6BED0032C5F3 /* CoreGraphics.framework in Frameworks */,
				364D7FA919EF6BED0032C5F3 /* UIKit.framework in Frameworks */,
				364D7FA519EF6BED0032C5F3 /* Foundation.framework in Frameworks */,
			);
			runOnlyForDeploymentPostprocessing = 0;
		};
		364D7FC219EF6BED0032C5F3 /* Frameworks */ = {
			isa = PBXFrameworksBuildPhase;
			buildActionMask = 2147483647;
			files = (
				364D7FC719EF6BED0032C5F3 /* XCTest.framework in Frameworks */,
				364D7FC919EF6BED0032C5F3 /* UIKit.framework in Frameworks */,
				364D7FC819EF6BED0032C5F3 /* Foundation.framework in Frameworks */,
			);
			runOnlyForDeploymentPostprocessing = 0;
		};
/* End PBXFrameworksBuildPhase section */

/* Begin PBXGroup section */
		364D7F9819EF6BED0032C5F3 = {
			isa = PBXGroup;
			children = (
				364D7FAA19EF6BED0032C5F3 /* FirstAppforiPhone */,
				364D7FCC19EF6BED0032C5F3 /* FirstAppforiPhoneTests */,
				364D7FA319EF6BED0032C5F3 /* Frameworks */,
				364D7FA219EF6BED0032C5F3 /* Products */,
			);
			sourceTree = "<group>";
		};
		364D7FA219EF6BED0032C5F3 /* Products */ = {
			isa = PBXGroup;
			children = (
				364D7FA119EF6BED0032C5F3 /* FirstAppforiPhone.app */,
				364D7FC519EF6BED0032C5F3 /* FirstAppforiPhoneTests.xctest */,
			);
			name = Products;
			sourceTree = "<group>";
		};
		364D7FA319EF6BED0032C5F3 /* Frameworks */ = {
			isa = PBXGroup;
			children = (
				364D7FA419EF6BED0032C5F3 /* Foundation.framework */,
				364D7FA619EF6BED0032C5F3 /* CoreGraphics.framework */,
				364D7FA819EF6BED0032C5F3 /* UIKit.framework */,
				364D7FC619EF6BED0032C5F3 /* XCTest.framework */,
			);
			name = Frameworks;
			sourceTree = "<group>";
		};
		364D7FAA19EF6BED0032C5F3 /* FirstAppforiPhone */ = {
			isa = PBXGroup;
			children = (
				364D7FB319EF6BED0032C5F3 /* AppDelegate.h */,
				364D7FB419EF6BED0032C5F3 /* AppDelegate.m */,
				364D7FB619EF6BED0032C5F3 /* Main_iPhone.storyboard */,
				364D7FB919EF6BED0032C5F3 /* Main_iPad.storyboard */,
				364D7FBC19EF6BED0032C5F3 /* ViewController.h */,
				364D7FBD19EF6BED0032C5F3 /* ViewController.m */,
				364D7FBF19EF6BED0032C5F3 /* Images.xcassets */,
				364D7FAB19EF6BED0032C5F3 /* Supporting Files */,
			);
			path = FirstAppforiPhone;
			sourceTree = "<group>";
		};
		364D7FAB19EF6BED0032C5F3 /* Supporting Files */ = {
			isa = PBXGroup;
			children = (
				364D7FAC19EF6BED0032C5F3 /* FirstAppforiPhone-Info.plist */,
				364D7FAD19EF6BED0032C5F3 /* InfoPlist.strings */,
				364D7FB019EF6BED0032C5F3 /* main.m */,
				364D7FB219EF6BED0032C5F3 /* FirstAppforiPhone-Prefix.pch */,
			);
			name = "Supporting Files";
			sourceTree = "<group>";
		};
		364D7FCC19EF6BED0032C5F3 /* FirstAppforiPhoneTests */ = {
			isa = PBXGroup;
			children = (
				364D7FD219EF6BED0032C5F3 /* FirstAppforiPhoneTests.m */,
				364D7FCD19EF6BED0032C5F3 /* Supporting Files */,
			);
			path = FirstAppforiPhoneTests;
			sourceTree = "<group>";
		};
		364D7FCD19EF6BED0032C5F3 /* Supporting Files */ = {
			isa = PBXGroup;
			children = (
				364D7FCE19EF6BED0032C5F3 /* FirstAppforiPhoneTests-Info.plist */,
				364D7FCF19EF6BED0032C5F3 /* InfoPlist.strings */,
			);
			name = "Supporting Files";
			sourceTree = "<group>";
		};
/* End PBXGroup section */

/* Begin PBXNativeTarget section */
		364D7FA019EF6BED0032C5F3 /* FirstAppforiPhone */ = {
			isa = PBXNativeTarget;
			buildConfigurationList = 364D7FD619EF6BED0032C5F3 /* Build configuration list for PBXNativeTarget "FirstAppforiPhone" */;
			buildPhases = (
				364D7F9D19EF6BED0032C5F3 /* Sources */,
				364D7F9E19EF6BED0032C5F3 /* Frameworks */,
				364D7F9F19EF6BED0032C5F3 /* Resources */,
			);
			buildRules = (
			);
			dependencies = (
			);
			name = FirstAppforiPhone;
			productName = FirstAppforiPhone;
			productReference = 364D7FA119EF6BED0032C5F3 /* FirstAppforiPhone.app */;
			productType = "com.apple.product-type.application";
		};
		364D7FC419EF6BED0032C5F3 /* FirstAppforiPhoneTests */ = {
			isa = PBXNativeTarget;
			buildConfigurationList = 364D7FD919EF6BED0032C5F3 /* Build configuration list for PBXNativeTarget "FirstAppforiPhoneTests" */;
			buildPhases = (
				364D7FC119EF6BED0032C5F3 /* Sources */,
				364D7FC219EF6BED0032C5F3 /* Frameworks */,
				364D7FC319EF6BED0032C5F3 /* Resources */,
			);
			buildRules = (
			);
			dependencies = (
				364D7FCB19EF6BED0032C5F3 /* PBXTargetDependency */,
			);
			name = FirstAppforiPhoneTests;
			productName = FirstAppforiPhoneTests;
			productReference = 364D7FC519EF6BED0032C5F3 /* FirstAppforiPhoneTests.xctest */;
			productType = "com.apple.product-type.bundle.unit-test";
		};
/* End PBXNativeTarget section */

/* Begin PBXProject section */
		364D7F9919EF6BED0032C5F3 /* Project object */ = {
			isa = PBXProject;
			attributes = {
				LastUpgradeCheck = 0510;
				ORGANIZATIONNAME = "Ke Yang";
				TargetAttributes = {
					364D7FC419EF6BED0032C5F3 = {
						TestTargetID = 364D7FA019EF6BED0032C5F3;
					};
				};
			};
			buildConfigurationList = 364D7F9C19EF6BED0032C5F3 /* Build configuration list for PBXProject "FirstAppforiPhone" */;
			compatibilityVersion = "Xcode 3.2";
			developmentRegion = English;
			hasScannedForEncodings = 0;
			knownRegions = (
				en,
				Base,
			);
			mainGroup = 364D7F9819EF6BED0032C5F3;
			productRefGroup = 364D7FA219EF6BED0032C5F3 /* Products */;
			projectDirPath = "";
			projectRoot = "";
			targets = (
				364D7FA019EF6BED0032C5F3 /* FirstAppforiPhone */,
				364D7FC419EF6BED0032C5F3 /* FirstAppforiPhoneTests */,
			);
		};
/* End PBXProject section */

/* Begin PBXResourcesBuildPhase section */
		364D7F9F19EF6BED0032C5F3 /* Resources */ = {
			isa = PBXResourcesBuildPhase;
			buildActionMask = 2147483647;
			files = (
				364D7FBB19EF6BED0032C5F3 /* Main_iPad.storyboard in Resources */,
				364D7FC019EF6BED0032C5F3 /* Images.xcassets in Resources */,
				364D7FB819EF6BED0032C5F3 /* Main_iPhone.storyboard in Resources */,
				364D7FAF19EF6BED0032C5F3 /* InfoPlist.strings in Resources */,
			);
			runOnlyForDeploymentPostprocessing = 0;
		};
		364D7FC319EF6BED0032C5F3 /* Resources */ = {
			isa = PBXResourcesBuildPhase;
			buildActionMask = 2147483647;
			files = (
				364D7FD119EF6BED0032C5F3 /* InfoPlist.strings in Resources */,
			);
			runOnlyForDeploymentPostprocessing = 0;
		};
/* End PBXResourcesBuildPhase section */

/* Begin PBXSourcesBuildPhase section */
		364D7F9D19EF6BED0032C5F3 /* Sources */ = {
			isa = PBXSourcesBuildPhase;
			buildActionMask = 2147483647;
			files = (
				364D7FBE19EF6BED0032C5F3 /* ViewController.m in Sources */,
				364D7FB519EF6BED0032C5F3 /* AppDelegate.m in Sources */,
				364D7FB119EF6BED0032C5F3 /* main.m in Sources */,
			);
			runOnlyForDeploymentPostprocessing = 0;
		};
		364D7FC119EF6BED0032C5F3 /* Sources */ = {
			isa = PBXSourcesBuildPhase;
			buildActionMask = 2147483647;
			files = (
				364D7FD319EF6BED0032C5F3 /* FirstAppforiPhoneTests.m in Sources */,
			);
			runOnlyForDeploymentPostprocessing = 0;
		};
/* End PBXSourcesBuildPhase section */

/* Begin PBXTargetDependency section */
		364D7FCB19EF6BED0032C5F3 /* PBXTargetDependency */ = {
			isa = PBXTargetDependency;
			target = 364D7FA019EF6BED0032C5F3 /* FirstAppforiPhone */;
			targetProxy = 364D7FCA19EF6BED0032C5F3 /* PBXContainerItemProxy */;
		};
/* End PBXTargetDependency section */

/* Begin PBXVariantGroup section */
		364D7FAD19EF6BED0032C5F3 /* InfoPlist.strings */ = {
			isa = PBXVariantGroup;
			children = (
				364D7FAE19EF6BED0032C5F3 /* en */,
			);
			name = InfoPlist.strings;
			sourceTree = "<group>";
		};
		364D7FB619EF6BED0032C5F3 /* Main_iPhone.storyboard */ = {
			isa = PBXVariantGroup;
			children = (
				364D7FB719EF6BED0032C5F3 /* Base */,
			);
			name = Main_iPhone.storyboard;
			sourceTree = "<group>";
		};
		364D7FB919EF6BED0032C5F3 /* Main_iPad.storyboard */ = {
			isa = PBXVariantGroup;
			children = (
				364D7FBA19EF6BED0032C5F3 /* Base */,
			);
			name = Main_iPad.storyboard;
			sourceTree = "<group>";
		};
		364D7FCF19EF6BED0032C5F3 /* InfoPlist.strings */ = {
			isa = PBXVariantGroup;
			children = (
				364D7FD019EF6BED0032C5F3 /* en */,
			);
			name = InfoPlist.strings;
			sourceTree = "<group>";
		};
/* End PBXVariantGroup section */

/* Begin XCBuildConfiguration section */
		364D7FD419EF6BED0032C5F3 /* Debug */ = {
			isa = XCBuildConfiguration;
			buildSettings = {
				ALWAYS_SEARCH_USER_PATHS = NO;
				CLANG_CXX_LANGUAGE_STANDARD = "gnu++0x";
				CLANG_CXX_LIBRARY = "libc++";
				CLANG_ENABLE_MODULES = YES;
				CLANG_ENABLE_OBJC_ARC = YES;
				CLANG_WARN_BOOL_CONVERSION = YES;
				CLANG_WARN_CONSTANT_CONVERSION = YES;
				CLANG_WARN_DIRECT_OBJC_ISA_USAGE = YES_ERROR;
				CLANG_WARN_EMPTY_BODY = YES;
				CLANG_WARN_ENUM_CONVERSION = YES;
				CLANG_WARN_INT_CONVERSION = YES;
				CLANG_WARN_OBJC_ROOT_CLASS = YES_ERROR;
				CLANG_WARN__DUPLICATE_METHOD_MATCH = YES;
				"CODE_SIGN_IDENTITY[sdk=iphoneos*]" = "iPhone Developer";
				COPY_PHASE_STRIP = NO;
				GCC_C_LANGUAGE_STANDARD = gnu99;
				GCC_DYNAMIC_NO_PIC = NO;
				GCC_OPTIMIZATION_LEVEL = 0;
				GCC_PREPROCESSOR_DEFINITIONS = (
					"DEBUG=1",
					"$(inherited)",
				);
				GCC_SYMBOLS_PRIVATE_EXTERN = NO;
				GCC_WARN_64_TO_32_BIT_CONVERSION = YES;
				GCC_WARN_ABOUT_RETURN_TYPE = YES_ERROR;
				GCC_WARN_UNDECLARED_SELECTOR = YES;
				GCC_WARN_UNINITIALIZED_AUTOS = YES_AGGRESSIVE;
				GCC_WARN_UNUSED_FUNCTION = YES;
				GCC_WARN_UNUSED_VARIABLE = YES;
				IPHONEOS_DEPLOYMENT_TARGET = 7.1;
				ONLY_ACTIVE_ARCH = YES;
				SDKROOT = iphoneos;
				TARGETED_DEVICE_FAMILY = "1,2";
			};
			name = Debug;
		};
		364D7FD519EF6BED0032C5F3 /* Release */ = {
			isa = XCBuildConfiguration;
			buildSettings = {
				ALWAYS_SEARCH_USER_PATHS = NO;
				CLANG_CXX_LANGUAGE_STANDARD = "gnu++0x";
				CLANG_CXX_LIBRARY = "libc++";
				CLANG_ENABLE_MODULES = YES;
				CLANG_ENABLE_OBJC_ARC = YES;
				CLANG_WARN_BOOL_CONVERSION = YES;
				CLANG_WARN_CONSTANT_CONVERSION = YES;
				CLANG_WARN_DIRECT_OBJC_ISA_USAGE = YES_ERROR;
				CLANG_WARN_EMPTY_BODY = YES;
				CLANG_WARN_ENUM_CONVERSION = YES;
				CLANG_WARN_INT_CONVERSION = YES;
				CLANG_WARN_OBJC_ROOT_CLASS = YES_ERROR;
				CLANG_WARN__DUPLICATE_METHOD_MATCH = YES;
				"CODE_SIGN_IDENTITY[sdk=iphoneos*]" = "iPhone Developer";
				COPY_PHASE_STRIP = YES;
				ENABLE_NS_ASSERTIONS = NO;
				GCC_C_LANGUAGE_STANDARD = gnu99;
				GCC_WARN_64_TO_32_BIT_CONVERSION = YES;
				GCC_WARN_ABOUT_RETURN_TYPE = YES_ERROR;
				GCC_WARN_UNDECLARED_SELECTOR = YES;
				GCC_WARN_UNINITIALIZED_AUTOS = YES_AGGRESSIVE;
				GCC_WARN_UNUSED_FUNCTION = YES;
				GCC_WARN_UNUSED_VARIABLE = YES;
				IPHONEOS_DEPLOYMENT_TARGET = 7.1;
				SDKROOT = iphoneos;
				TARGETED_DEVICE_FAMILY = "1,2";
				VALIDATE_PRODUCT = YES;
			};
			name = Release;
		};
		364D7FD719EF6BED0032C5F3 /* Debug */ = {
			isa = XCBuildConfiguration;
			buildSettings = {
				ASSETCATALOG_COMPILER_APPICON_NAME = AppIcon;
				ASSETCATALOG_COMPILER_LAUNCHIMAGE_NAME = LaunchImage;
				GCC_PRECOMPILE_PREFIX_HEADER = YES;
				GCC_PREFIX_HEADER = "FirstAppforiPhone/FirstAppforiPhone-Prefix.pch";
				INFOPLIST_FILE = "FirstAppforiPhone/FirstAppforiPhone-Info.plist";
				PRODUCT_NAME = "$(TARGET_NAME)";
				WRAPPER_EXTENSION = app;
			};
			name = Debug;
		};
		364D7FD819EF6BED0032C5F3 /* Release */ = {
			isa = XCBuildConfiguration;
			buildSettings = {
				ASSETCATALOG_COMPILER_APPICON_NAME = AppIcon;
				ASSETCATALOG_COMPILER_LAUNCHIMAGE_NAME = LaunchImage;
				GCC_PRECOMPILE_PREFIX_HEADER = YES;
				GCC_PREFIX_HEADER = "FirstAppforiPhone/FirstAppforiPhone-Prefix.pch";
				INFOPLIST_FILE = "FirstAppforiPhone/FirstAppforiPhone-Info.plist";
				PRODUCT_NAME = "$(TARGET_NAME)";
				WRAPPER_EXTENSION = app;
			};
			name = Release;
		};
		364D7FDA19EF6BED0032C5F3 /* Debug */ = {
			isa = XCBuildConfiguration;
			buildSettings = {
				BUNDLE_LOADER = "$(BUILT_PRODUCTS_DIR)/FirstAppforiPhone.app/FirstAppforiPhone";
				FRAMEWORK_SEARCH_PATHS = (
					"$(SDKROOT)/Developer/Library/Frameworks",
					"$(inherited)",
					"$(DEVELOPER_FRAMEWORKS_DIR)",
				);
				GCC_PRECOMPILE_PREFIX_HEADER = YES;
				GCC_PREFIX_HEADER = "FirstAppforiPhone/FirstAppforiPhone-Prefix.pch";
				GCC_PREPROCESSOR_DEFINITIONS = (
					"DEBUG=1",
					"$(inherited)",
				);
				INFOPLIST_FILE = "FirstAppforiPhoneTests/FirstAppforiPhoneTests-Info.plist";
				PRODUCT_NAME = "$(TARGET_NAME)";
				TEST_HOST = "$(BUNDLE_LOADER)";
				WRAPPER_EXTENSION = xctest;
			};
			name = Debug;
		};
		364D7FDB19EF6BED0032C5F3 /* Release */ = {
			isa = XCBuildConfiguration;
			buildSettings = {
				BUNDLE_LOADER = "$(BUILT_PRODUCTS_DIR)/FirstAppforiPhone.app/FirstAppforiPhone";
				FRAMEWORK_SEARCH_PATHS = (
					"$(SDKROOT)/Developer/Library/Frameworks",
					"$(inherited)",
					"$(DEVELOPER_FRAMEWORKS_DIR)",
				);
				GCC_PRECOMPILE_PREFIX_HEADER = YES;
				GCC_PREFIX_HEADER = "FirstAppforiPhone/FirstAppforiPhone-Prefix.pch";
				INFOPLIST_FILE = "FirstAppforiPhoneTests/FirstAppforiPhoneTests-Info.plist";
				PRODUCT_NAME = "$(TARGET_NAME)";
				TEST_HOST = "$(BUNDLE_LOADER)";
				WRAPPER_EXTENSION = xctest;
			};
			name = Release;
		};
/* End XCBuildConfiguration section */

/* Begin XCConfigurationList section */
		364D7F9C19EF6BED0032C5F3 /* Build configuration list for PBXProject "FirstAppforiPhone" */ = {
			isa = XCConfigurationList;
			buildConfigurations = (
				364D7FD419EF6BED0032C5F3 /* Debug */,
				364D7FD519EF6BED0032C5F3 /* Release */,
			);
			defaultConfigurationIsVisible = 0;
			defaultConfigurationName = Release;
		};
		364D7FD619EF6BED0032C5F3 /* Build configuration list for PBXNativeTarget "FirstAppforiPhone" */ = {
			isa = XCConfigurationList;
			buildConfigurations = (
				364D7FD719EF6BED0032C5F3 /* Debug */,
				364D7FD819EF6BED0032C5F3 /* Release */,
			);
			defaultConfigurationIsVisible = 0;
		};
		364D7FD919EF6BED0032C5F3 /* Build configuration list for PBXNativeTarget "FirstAppforiPhoneTests" */ = {
			isa = XCConfigurationList;
			buildConfigurations = (
				364D7FDA19EF6BED0032C5F3 /* Debug */,
				364D7FDB19EF6BED0032C5F3 /* Release */,
			);
			defaultConfigurationIsVisible = 0;
		};
/* End XCConfigurationList section */
	};
	rootObject = 364D7F9919EF6BED0032C5F3 /* Project object */;
}
